
Microsoft Visual Studio Solution File, Format Version 12.00
# Visual Studio 14
VisualStudioVersion = 14.0.24720.0
MinimumVisualStudioVersion = 10.0.40219.1
Project("{FAE04EC0-301F-11D3-BF4B-00C04F79EFBC}") = "AsyncDelay", "AsyncDelay\AsyncDelay.csproj", "{B2B4B78F-0F79-40CC-918F-DE4B2F30E384}"
EndProject
Project("{FAE04EC0-301F-11D3-BF4B-00C04F79EFBC}") = "AsyncDelayAndRetry", "AsyncDelayAndRetry\AsyncDelayAndRetry.csproj", "{9CE99695-20B6-494B-B741-DFF0FBE3280D}"
EndProject
Project("{FAE04EC0-301F-11D3-BF4B-00C04F79EFBC}") = "AsyncLambda", "AsyncLambda\AsyncLambda.csproj", "{E491CE43-1DCE-4904-A9FA-827CAE3DB99F}"
EndProject
Project("{FAE04EC0-301F-11D3-BF4B-00C04F79EFBC}") = "AsyncWaitAllTasks", "AsyncWaitAllTasks\AsyncWaitAllTasks.csproj", "{A29840E6-C30D-4B50-9AB7-CC0A3128046B}"
EndProject
Project("{FAE04EC0-301F-11D3-BF4B-00C04F79EFBC}") = "ReturnCompletedTask", "ReturnCompletedTask\ReturnCompletedTask.csproj", "{C61DEF90-8B45-4905-A2F7-B5AA73F55AF2}"
EndProject
Global
	GlobalSection(SolutionConfigurationPlatforms) = preSolution
		Debug|Any CPU = Debug|Any CPU
		Release|Any CPU = Release|Any CPU
	EndGlobalSection
	GlobalSection(ProjectConfigurationPlatforms) = postSolution
		{B2B4B78F-0F79-40CC-918F-DE4B2F30E384}.Debug|Any CPU.ActiveCfg = Debug|Any CPU
		{B2B4B78F-0F79-40CC-918F-DE4B2F30E384}.Debug|Any CPU.Build.0 = Debug|Any CPU
		{B2B4B78F-0F79-40CC-918F-DE4B2F30E384}.Release|Any CPU.ActiveCfg = Release|Any CPU
		{B2B4B78F-0F79-40CC-918F-DE4B2F30E384}.Release|Any CPU.Build.0 = Release|Any CPU
		{9CE99695-20B6-494B-B741-DFF0FBE3280D}.Debug|Any CPU.ActiveCfg = Debug|Any CPU
		{9CE99695-20B6-494B-B741-DFF0FBE3280D}.Debug|Any CPU.Build.0 = Debug|Any CPU
		{9CE99695-20B6-494B-B741-DFF0FBE3280D}.Release|Any CPU.ActiveCfg = Release|Any CPU
		{9CE99695-20B6-494B-B741-DFF0FBE3280D}.Release|Any CPU.Build.0 = Release|Any CPU
		{E491CE43-1DCE-4904-A9FA-827CAE3DB99F}.Debug|Any CPU.ActiveCfg = Debug|Any CPU
		{E491CE43-1DCE-4904-A9FA-827CAE3DB99F}.Debug|Any CPU.Build.0 = Debug|Any CPU
		{E491CE43-1DCE-4904-A9FA-827CAE3DB99F}.Release|Any CPU.ActiveCfg = Release|Any CPU
		{E491CE43-1DCE-4904-A9FA-827CAE3DB99F}.Release|Any CPU.Build.0 = Release|Any CPU
		{A29840E6-C30D-4B50-9AB7-CC0A3128046B}.Debug|Any CPU.ActiveCfg = Debug|Any CPU
		{A29840E6-C30D-4B50-9AB7-CC0A3128046B}.Debug|Any CPU.Build.0 = Debug|Any CPU
		{A29840E6-C30D-4B50-9AB7-CC0A3128046B}.Release|Any CPU.ActiveCfg = Release|Any CPU
		{A29840E6-C30D-4B50-9AB7-CC0A3128046B}.Release|Any CPU.Build.0 = Release|Any CPU
		{C61DEF90-8B45-4905-A2F7-B5AA73F55AF2}.Debug|Any CPU.ActiveCfg = Debug|Any CPU
		{C61DEF90-8B45-4905-A2F7-B5AA73F55AF2}.Debug|Any CPU.Build.0 = Debug|Any CPU
		{C61DEF90-8B45-4905-A2F7-B5AA73F55AF2}.Release|Any CPU.ActiveCfg = Release|Any CPU
		{C61DEF90-8B45-4905-A2F7-B5AA73F55AF2}.Release|Any CPU.Build.0 = Release|Any CPU
	EndGlobalSection
	GlobalSection(SolutionProperties) = preSolution
		HideSolutionNode = FALSE
	EndGlobalSection
EndGlobal
