
Microsoft Visual Studio Solution File, Format Version 12.00
# Visual Studio Version 17
VisualStudioVersion = 17.12.35424.110
MinimumVisualStudioVersion = 10.0.40219.1
Project("{FAE04EC0-301F-11D3-BF4B-00C04F79EFBC}") = "Demo01", "Demo01\Demo01.csproj", "{EE4BEB16-4745-49C1-B4F4-CCE1C6AB5723}"
EndProject
Project("{FAE04EC0-301F-11D3-BF4B-00C04F79EFBC}") = "Demo02", "Demo02\Demo02.csproj", "{F59236BB-41EF-4F02-BF91-FC98C322F4B5}"
EndProject
Project("{FAE04EC0-301F-11D3-BF4B-00C04F79EFBC}") = "Demo03", "Demo03\Demo03.csproj", "{7BE894A6-CDD2-4777-BC82-7042E05FFB1F}"
EndProject
Global
	GlobalSection(SolutionConfigurationPlatforms) = preSolution
		Debug|Any CPU = Debug|Any CPU
		Release|Any CPU = Release|Any CPU
	EndGlobalSection
	GlobalSection(ProjectConfigurationPlatforms) = postSolution
		{EE4BEB16-4745-49C1-B4F4-CCE1C6AB5723}.Debug|Any CPU.ActiveCfg = Debug|Any CPU
		{EE4BEB16-4745-49C1-B4F4-CCE1C6AB5723}.Debug|Any CPU.Build.0 = Debug|Any CPU
		{EE4BEB16-4745-49C1-B4F4-CCE1C6AB5723}.Release|Any CPU.ActiveCfg = Release|Any CPU
		{EE4BEB16-4745-49C1-B4F4-CCE1C6AB5723}.Release|Any CPU.Build.0 = Release|Any CPU
		{F59236BB-41EF-4F02-BF91-FC98C322F4B5}.Debug|Any CPU.ActiveCfg = Debug|Any CPU
		{F59236BB-41EF-4F02-BF91-FC98C322F4B5}.Debug|Any CPU.Build.0 = Debug|Any CPU
		{F59236BB-41EF-4F02-BF91-FC98C322F4B5}.Release|Any CPU.ActiveCfg = Release|Any CPU
		{F59236BB-41EF-4F02-BF91-FC98C322F4B5}.Release|Any CPU.Build.0 = Release|Any CPU
		{7BE894A6-CDD2-4777-BC82-7042E05FFB1F}.Debug|Any CPU.ActiveCfg = Debug|Any CPU
		{7BE894A6-CDD2-4777-BC82-7042E05FFB1F}.Debug|Any CPU.Build.0 = Debug|Any CPU
		{7BE894A6-CDD2-4777-BC82-7042E05FFB1F}.Release|Any CPU.ActiveCfg = Release|Any CPU
		{7BE894A6-CDD2-4777-BC82-7042E05FFB1F}.Release|Any CPU.Build.0 = Release|Any CPU
	EndGlobalSection
	GlobalSection(SolutionProperties) = preSolution
		HideSolutionNode = FALSE
	EndGlobalSection
EndGlobal
