
Microsoft Visual Studio Solution File, Format Version 12.00
# Visual Studio 15
VisualStudioVersion = 15.0.28307.168
MinimumVisualStudioVersion = 10.0.40219.1
Project("{FAE04EC0-301F-11D3-BF4B-00C04F79EFBC}") = "DemoSyncToAsync", "DemoSyncToAsync\DemoSyncToAsync.csproj", "{D58A6B91-7283-453F-BEEC-D5927F60C644}"
EndProject
Project("{FAE04EC0-301F-11D3-BF4B-00C04F79EFBC}") = "Ex01_TaskContinuation", "Ex01_TaskContinuation\Ex01_TaskContinuation.csproj", "{D7C36380-C44A-45DE-AA84-CA2BE8D96045}"
EndProject
Project("{FAE04EC0-301F-11D3-BF4B-00C04F79EFBC}") = "Ex03_Sync", "Ex03_Sync\Ex03_Sync.csproj", "{20D1AF4E-2DDB-438B-8992-E58AAC887D72}"
EndProject
Project("{FAE04EC0-301F-11D3-BF4B-00C04F79EFBC}") = "Ex04_Async", "Ex04_Async\Ex04_Async.csproj", "{89E8F36E-5B61-4C0D-A2E0-D6E3D9DEA73B}"
EndProject
Project("{FAE04EC0-301F-11D3-BF4B-00C04F79EFBC}") = "Ex02_TaskContinuationOptions", "Ex02_TaskContinuationOptions\Ex02_TaskContinuationOptions.csproj", "{44D6C537-9A5A-47D3-81A6-EE4F9C4A4B32}"
EndProject
Project("{FAE04EC0-301F-11D3-BF4B-00C04F79EFBC}") = "Ex05_AsyncAndThreads", "Ex05_AsyncAndThreads\Ex05_AsyncAndThreads.csproj", "{959952F6-31E6-463B-AC76-3154940FCBF9}"
EndProject
Project("{FAE04EC0-301F-11D3-BF4B-00C04F79EFBC}") = "Ex06_AspNetAppDeadlock", "Ex06_AspNetAppDeadlock\Ex06_AspNetAppDeadlock.csproj", "{952724C9-CC7B-47AC-A22D-C185D595B664}"
EndProject
Project("{FAE04EC0-301F-11D3-BF4B-00C04F79EFBC}") = "DemoAsyncVoid", "DemoAsyncVoid\DemoAsyncVoid.csproj", "{301D6D98-6B3C-408B-81D2-1DAD7C61F71F}"
EndProject
Project("{FAE04EC0-301F-11D3-BF4B-00C04F79EFBC}") = "Ex07_DontFakeAsync", "Ex07_DontFakeAsync\Ex07_DontFakeAsync.csproj", "{FC29081B-4801-4E9B-8090-7B8FC8FE5825}"
EndProject
Project("{FAE04EC0-301F-11D3-BF4B-00C04F79EFBC}") = "Ex04_AsyncMain", "Ex04_AsyncMain\Ex04_AsyncMain.csproj", "{07428670-786F-4BAA-B433-C8C6402A22CA}"
EndProject
Global
	GlobalSection(SolutionConfigurationPlatforms) = preSolution
		Debug|Any CPU = Debug|Any CPU
		Release|Any CPU = Release|Any CPU
	EndGlobalSection
	GlobalSection(ProjectConfigurationPlatforms) = postSolution
		{D58A6B91-7283-453F-BEEC-D5927F60C644}.Debug|Any CPU.ActiveCfg = Debug|Any CPU
		{D58A6B91-7283-453F-BEEC-D5927F60C644}.Debug|Any CPU.Build.0 = Debug|Any CPU
		{D58A6B91-7283-453F-BEEC-D5927F60C644}.Release|Any CPU.ActiveCfg = Release|Any CPU
		{D58A6B91-7283-453F-BEEC-D5927F60C644}.Release|Any CPU.Build.0 = Release|Any CPU
		{D7C36380-C44A-45DE-AA84-CA2BE8D96045}.Debug|Any CPU.ActiveCfg = Debug|Any CPU
		{D7C36380-C44A-45DE-AA84-CA2BE8D96045}.Debug|Any CPU.Build.0 = Debug|Any CPU
		{D7C36380-C44A-45DE-AA84-CA2BE8D96045}.Release|Any CPU.ActiveCfg = Release|Any CPU
		{D7C36380-C44A-45DE-AA84-CA2BE8D96045}.Release|Any CPU.Build.0 = Release|Any CPU
		{20D1AF4E-2DDB-438B-8992-E58AAC887D72}.Debug|Any CPU.ActiveCfg = Debug|Any CPU
		{20D1AF4E-2DDB-438B-8992-E58AAC887D72}.Debug|Any CPU.Build.0 = Debug|Any CPU
		{20D1AF4E-2DDB-438B-8992-E58AAC887D72}.Release|Any CPU.ActiveCfg = Release|Any CPU
		{20D1AF4E-2DDB-438B-8992-E58AAC887D72}.Release|Any CPU.Build.0 = Release|Any CPU
		{89E8F36E-5B61-4C0D-A2E0-D6E3D9DEA73B}.Debug|Any CPU.ActiveCfg = Debug|Any CPU
		{89E8F36E-5B61-4C0D-A2E0-D6E3D9DEA73B}.Debug|Any CPU.Build.0 = Debug|Any CPU
		{89E8F36E-5B61-4C0D-A2E0-D6E3D9DEA73B}.Release|Any CPU.ActiveCfg = Release|Any CPU
		{89E8F36E-5B61-4C0D-A2E0-D6E3D9DEA73B}.Release|Any CPU.Build.0 = Release|Any CPU
		{44D6C537-9A5A-47D3-81A6-EE4F9C4A4B32}.Debug|Any CPU.ActiveCfg = Debug|Any CPU
		{44D6C537-9A5A-47D3-81A6-EE4F9C4A4B32}.Debug|Any CPU.Build.0 = Debug|Any CPU
		{44D6C537-9A5A-47D3-81A6-EE4F9C4A4B32}.Release|Any CPU.ActiveCfg = Release|Any CPU
		{44D6C537-9A5A-47D3-81A6-EE4F9C4A4B32}.Release|Any CPU.Build.0 = Release|Any CPU
		{959952F6-31E6-463B-AC76-3154940FCBF9}.Debug|Any CPU.ActiveCfg = Debug|Any CPU
		{959952F6-31E6-463B-AC76-3154940FCBF9}.Debug|Any CPU.Build.0 = Debug|Any CPU
		{959952F6-31E6-463B-AC76-3154940FCBF9}.Release|Any CPU.ActiveCfg = Release|Any CPU
		{959952F6-31E6-463B-AC76-3154940FCBF9}.Release|Any CPU.Build.0 = Release|Any CPU
		{952724C9-CC7B-47AC-A22D-C185D595B664}.Debug|Any CPU.ActiveCfg = Debug|Any CPU
		{952724C9-CC7B-47AC-A22D-C185D595B664}.Debug|Any CPU.Build.0 = Debug|Any CPU
		{952724C9-CC7B-47AC-A22D-C185D595B664}.Release|Any CPU.ActiveCfg = Release|Any CPU
		{952724C9-CC7B-47AC-A22D-C185D595B664}.Release|Any CPU.Build.0 = Release|Any CPU
		{301D6D98-6B3C-408B-81D2-1DAD7C61F71F}.Debug|Any CPU.ActiveCfg = Debug|Any CPU
		{301D6D98-6B3C-408B-81D2-1DAD7C61F71F}.Debug|Any CPU.Build.0 = Debug|Any CPU
		{301D6D98-6B3C-408B-81D2-1DAD7C61F71F}.Release|Any CPU.ActiveCfg = Release|Any CPU
		{301D6D98-6B3C-408B-81D2-1DAD7C61F71F}.Release|Any CPU.Build.0 = Release|Any CPU
		{FC29081B-4801-4E9B-8090-7B8FC8FE5825}.Debug|Any CPU.ActiveCfg = Debug|Any CPU
		{FC29081B-4801-4E9B-8090-7B8FC8FE5825}.Debug|Any CPU.Build.0 = Debug|Any CPU
		{FC29081B-4801-4E9B-8090-7B8FC8FE5825}.Release|Any CPU.ActiveCfg = Release|Any CPU
		{FC29081B-4801-4E9B-8090-7B8FC8FE5825}.Release|Any CPU.Build.0 = Release|Any CPU
		{07428670-786F-4BAA-B433-C8C6402A22CA}.Debug|Any CPU.ActiveCfg = Debug|Any CPU
		{07428670-786F-4BAA-B433-C8C6402A22CA}.Debug|Any CPU.Build.0 = Debug|Any CPU
		{07428670-786F-4BAA-B433-C8C6402A22CA}.Release|Any CPU.ActiveCfg = Release|Any CPU
		{07428670-786F-4BAA-B433-C8C6402A22CA}.Release|Any CPU.Build.0 = Release|Any CPU
	EndGlobalSection
	GlobalSection(SolutionProperties) = preSolution
		HideSolutionNode = FALSE
	EndGlobalSection
	GlobalSection(ExtensibilityGlobals) = postSolution
		SolutionGuid = {0364E78A-5F8C-42AC-9E88-75048451D5D2}
	EndGlobalSection
EndGlobal
