
Microsoft Visual Studio Solution File, Format Version 12.00
# Visual Studio Version 17
VisualStudioVersion = 17.12.35424.110 d17.12
MinimumVisualStudioVersion = 10.0.40219.1
Project("{FAE04EC0-301F-11D3-BF4B-00C04F79EFBC}") = "LambdaDemo1", "LambdaDemo1.csproj", "{2E6F3E88-4768-4B0C-A8A8-487B1EF65FEA}"
EndProject
Global
	GlobalSection(SolutionConfigurationPlatforms) = preSolution
		Debug|Any CPU = Debug|Any CPU
		Release|Any CPU = Release|Any CPU
	EndGlobalSection
	GlobalSection(ProjectConfigurationPlatforms) = postSolution
		{2E6F3E88-4768-4B0C-A8A8-487B1EF65FEA}.Debug|Any CPU.ActiveCfg = Debug|Any CPU
		{2E6F3E88-4768-4B0C-A8A8-487B1EF65FEA}.Debug|Any CPU.Build.0 = Debug|Any CPU
		{2E6F3E88-4768-4B0C-A8A8-487B1EF65FEA}.Release|Any CPU.ActiveCfg = Release|Any CPU
		{2E6F3E88-4768-4B0C-A8A8-487B1EF65FEA}.Release|Any CPU.Build.0 = Release|Any CPU
	EndGlobalSection
	GlobalSection(SolutionProperties) = preSolution
		HideSolutionNode = FALSE
	EndGlobalSection
EndGlobal
