
Microsoft Visual Studio Solution File, Format Version 12.00
# Visual Studio 2013
VisualStudioVersion = 12.0.30723.0
MinimumVisualStudioVersion = 10.0.40219.1
Project("{FAE04EC0-301F-11D3-BF4B-00C04F79EFBC}") = "Ex01_Sync", "Ex01_Sync\Ex01_Sync.csproj", "{20D1AF4E-2DDB-438B-8992-E58AAC887D72}"
EndProject
Project("{FAE04EC0-301F-11D3-BF4B-00C04F79EFBC}") = "Ex02_Async", "Ex02_Async\Ex02_Async.csproj", "{89E8F36E-5B61-4C0D-A2E0-D6E3D9DEA73B}"
EndProject
Project("{FAE04EC0-301F-11D3-BF4B-00C04F79EFBC}") = "DemoSyncToAsync", "DemoSyncToAsync\DemoSyncToAsync.csproj", "{D58A6B91-7283-453F-BEEC-D5927F60C644}"
EndProject
Global
	GlobalSection(SolutionConfigurationPlatforms) = preSolution
		Debug|Any CPU = Debug|Any CPU
		Release|Any CPU = Release|Any CPU
	EndGlobalSection
	GlobalSection(ProjectConfigurationPlatforms) = postSolution
		{20D1AF4E-2DDB-438B-8992-E58AAC887D72}.Debug|Any CPU.ActiveCfg = Debug|Any CPU
		{20D1AF4E-2DDB-438B-8992-E58AAC887D72}.Debug|Any CPU.Build.0 = Debug|Any CPU
		{20D1AF4E-2DDB-438B-8992-E58AAC887D72}.Release|Any CPU.ActiveCfg = Release|Any CPU
		{20D1AF4E-2DDB-438B-8992-E58AAC887D72}.Release|Any CPU.Build.0 = Release|Any CPU
		{89E8F36E-5B61-4C0D-A2E0-D6E3D9DEA73B}.Debug|Any CPU.ActiveCfg = Debug|Any CPU
		{89E8F36E-5B61-4C0D-A2E0-D6E3D9DEA73B}.Debug|Any CPU.Build.0 = Debug|Any CPU
		{89E8F36E-5B61-4C0D-A2E0-D6E3D9DEA73B}.Release|Any CPU.ActiveCfg = Release|Any CPU
		{89E8F36E-5B61-4C0D-A2E0-D6E3D9DEA73B}.Release|Any CPU.Build.0 = Release|Any CPU
		{D58A6B91-7283-453F-BEEC-D5927F60C644}.Debug|Any CPU.ActiveCfg = Debug|Any CPU
		{D58A6B91-7283-453F-BEEC-D5927F60C644}.Debug|Any CPU.Build.0 = Debug|Any CPU
		{D58A6B91-7283-453F-BEEC-D5927F60C644}.Release|Any CPU.ActiveCfg = Release|Any CPU
		{D58A6B91-7283-453F-BEEC-D5927F60C644}.Release|Any CPU.Build.0 = Release|Any CPU
	EndGlobalSection
	GlobalSection(SolutionProperties) = preSolution
		HideSolutionNode = FALSE
	EndGlobalSection
EndGlobal
